# @generated by Move, please check-in and do not edit manually.

[move]
version = 3
manifest_digest = "19DD43FA0B8E85BBC3FBC669A8E4C4202B86055F8E7AD07246C6F2F2D0F2BF94"
deps_digest = "F8BBB0CCB2491CA29A3DF03D6F92277A4F3574266507ACD77214D37ECA3F3082"
dependencies = [
  { id = "Sui", name = "Sui" },
]

[[move.package]]
id = "MoveStdlib"
source = { git = "https://github.com/MystenLabs/sui.git", rev = "testnet-v1.40.1", subdir = "crates/sui-framework/packages/move-stdlib" }

[[move.package]]
id = "Sui"
source = { git = "https://github.com/MystenLabs/sui.git", rev = "testnet-v1.40.1", subdir = "crates/sui-framework/packages/sui-framework" }

dependencies = [
  { id = "MoveStdlib", name = "MoveStdlib" },
]

[move.toolchain-version]
compiler-version = "1.40.1"
edition = "2024.beta"
flavor = "sui"

[env]

[env.testnet]
chain-id = "4c78adac"
original-published-id = "0x5379bf93b2b4733478e126f377d43b4cdc69ef6de7d7d163412fd3a0007c3fb2"
latest-published-id = "0x5379bf93b2b4733478e126f377d43b4cdc69ef6de7d7d163412fd3a0007c3fb2"
published-version = "1"
